
Microsoft Visual Studio Solution File, Format Version 12.00
# Visual Studio Version 17
VisualStudioVersion = 17.0.31903.59
MinimumVisualStudioVersion = 10.0.40219.1
Project("{2150E333-8FDC-42A3-9474-1A3956D46DE8}") = "src", "src", "{3EE19E29-5641-447C-B10E-6DDEF3DB1D2C}"
EndProject
Project("{FAE04EC0-301F-11D3-BF4B-00C04F79EFBC}") = "Library.Domain", "src\Library.Domain\Library.Domain.csproj", "{CA8EF0DB-5486-4458-9A86-2A2A852FA335}"
EndProject
Project("{FAE04EC0-301F-11D3-BF4B-00C04F79EFBC}") = "Library.Application", "src\Library.Application\Library.Application.csproj", "{91B65F65-9648-429E-AC9A-FAD7FD6137B3}"
EndProject
Project("{FAE04EC0-301F-11D3-BF4B-00C04F79EFBC}") = "Library.API", "src\Library.API\Library.API.csproj", "{8DF9048D-7925-4CDA-90CB-8E3CAFE94454}"
EndProject
Global
	GlobalSection(SolutionConfigurationPlatforms) = preSolution
		Debug|Any CPU = Debug|Any CPU
		Release|Any CPU = Release|Any CPU
	EndGlobalSection
	GlobalSection(SolutionProperties) = preSolution
		HideSolutionNode = FALSE
	EndGlobalSection
	GlobalSection(ProjectConfigurationPlatforms) = postSolution
		{CA8EF0DB-5486-4458-9A86-2A2A852FA335}.Debug|Any CPU.ActiveCfg = Debug|Any CPU
		{CA8EF0DB-5486-4458-9A86-2A2A852FA335}.Debug|Any CPU.Build.0 = Debug|Any CPU
		{CA8EF0DB-5486-4458-9A86-2A2A852FA335}.Release|Any CPU.ActiveCfg = Release|Any CPU
		{CA8EF0DB-5486-4458-9A86-2A2A852FA335}.Release|Any CPU.Build.0 = Release|Any CPU
		{91B65F65-9648-429E-AC9A-FAD7FD6137B3}.Debug|Any CPU.ActiveCfg = Debug|Any CPU
		{91B65F65-9648-429E-AC9A-FAD7FD6137B3}.Debug|Any CPU.Build.0 = Debug|Any CPU
		{91B65F65-9648-429E-AC9A-FAD7FD6137B3}.Release|Any CPU.ActiveCfg = Release|Any CPU
		{91B65F65-9648-429E-AC9A-FAD7FD6137B3}.Release|Any CPU.Build.0 = Release|Any CPU
		{8DF9048D-7925-4CDA-90CB-8E3CAFE94454}.Debug|Any CPU.ActiveCfg = Debug|Any CPU
		{8DF9048D-7925-4CDA-90CB-8E3CAFE94454}.Debug|Any CPU.Build.0 = Debug|Any CPU
		{8DF9048D-7925-4CDA-90CB-8E3CAFE94454}.Release|Any CPU.ActiveCfg = Release|Any CPU
		{8DF9048D-7925-4CDA-90CB-8E3CAFE94454}.Release|Any CPU.Build.0 = Release|Any CPU
	EndGlobalSection
	GlobalSection(NestedProjects) = preSolution
		{CA8EF0DB-5486-4458-9A86-2A2A852FA335} = {3EE19E29-5641-447C-B10E-6DDEF3DB1D2C}
		{91B65F65-9648-429E-AC9A-FAD7FD6137B3} = {3EE19E29-5641-447C-B10E-6DDEF3DB1D2C}
		{8DF9048D-7925-4CDA-90CB-8E3CAFE94454} = {3EE19E29-5641-447C-B10E-6DDEF3DB1D2C}
	EndGlobalSection
EndGlobal
